
Microsoft Visual Studio Solution File, Format Version 12.00
# Visual Studio Version 17
VisualStudioVersion = 17.3.32901.215
MinimumVisualStudioVersion = 10.0.40219.1
Project("{FAE04EC0-301F-11D3-BF4B-00C04F79EFBC}") = "bolum2_uygulama14", "bolum2_uygulama14\bolum2_uygulama14.csproj", "{5549D40B-AAED-4D69-B546-1A10D811957E}"
EndProject
Global
	GlobalSection(SolutionConfigurationPlatforms) = preSolution
		Debug|Any CPU = Debug|Any CPU
		Release|Any CPU = Release|Any CPU
	EndGlobalSection
	GlobalSection(ProjectConfigurationPlatforms) = postSolution
		{5549D40B-AAED-4D69-B546-1A10D811957E}.Debug|Any CPU.ActiveCfg = Debug|Any CPU
		{5549D40B-AAED-4D69-B546-1A10D811957E}.Debug|Any CPU.Build.0 = Debug|Any CPU
		{5549D40B-AAED-4D69-B546-1A10D811957E}.Release|Any CPU.ActiveCfg = Release|Any CPU
		{5549D40B-AAED-4D69-B546-1A10D811957E}.Release|Any CPU.Build.0 = Release|Any CPU
	EndGlobalSection
	GlobalSection(SolutionProperties) = preSolution
		HideSolutionNode = FALSE
	EndGlobalSection
	GlobalSection(ExtensibilityGlobals) = postSolution
		SolutionGuid = {9D6D7CD4-1CB5-4777-84E5-011EE46478C4}
	EndGlobalSection
EndGlobal
